
Microsoft Visual Studio Solution File, Format Version 12.00
# Visual Studio Version 17
VisualStudioVersion = 17.11.35312.102
MinimumVisualStudioVersion = 10.0.40219.1
Project("{FAE04EC0-301F-11D3-BF4B-00C04F79EFBC}") = "krestikinoliki", "krestikinoliki\krestikinoliki.csproj", "{4F555D33-C525-42D3-B497-2E91EB2D674E}"
EndProject
Global
	GlobalSection(SolutionConfigurationPlatforms) = preSolution
		Debug|Any CPU = Debug|Any CPU
		Release|Any CPU = Release|Any CPU
	EndGlobalSection
	GlobalSection(ProjectConfigurationPlatforms) = postSolution
		{4F555D33-C525-42D3-B497-2E91EB2D674E}.Debug|Any CPU.ActiveCfg = Release|Any CPU
		{4F555D33-C525-42D3-B497-2E91EB2D674E}.Debug|Any CPU.Build.0 = Release|Any CPU
		{4F555D33-C525-42D3-B497-2E91EB2D674E}.Release|Any CPU.ActiveCfg = Release|Any CPU
		{4F555D33-C525-42D3-B497-2E91EB2D674E}.Release|Any CPU.Build.0 = Release|Any CPU
	EndGlobalSection
	GlobalSection(SolutionProperties) = preSolution
		HideSolutionNode = FALSE
	EndGlobalSection
	GlobalSection(ExtensibilityGlobals) = postSolution
		SolutionGuid = {CEB7C36E-3543-4943-8D04-413ABE2CD9B1}
	EndGlobalSection
EndGlobal
